
Microsoft Visual Studio Solution File, Format Version 12.00
# Visual Studio Version 17
VisualStudioVersion = 17.12.35514.174
MinimumVisualStudioVersion = 10.0.40219.1
Project("{2150E333-8FDC-42A3-9474-1A3956D46DE8}") = "UI", "UI", "{1AD84738-44AE-45C6-B1DB-414790834D92}"
EndProject
Project("{FAE04EC0-301F-11D3-BF4B-00C04F79EFBC}") = "COMB.SpaParking.UI.Server", "UI\COMB.SpaParking.UI\COMB.SpaParking.UI.Server\COMB.SpaParking.UI.Server.csproj", "{7E422DB5-7BD7-4C3B-9AA4-D5F94EC945B9}"
EndProject
Project("{54A90642-561A-4BB1-A94E-469ADEE60C69}") = "comb.spaparking.ui.client", "UI\COMB.SpaParking.UI\comb.spaparking.ui.client\comb.spaparking.ui.client.esproj", "{D94346C0-F50B-492A-963C-3218895BB6FE}"
EndProject
Project("{2150E333-8FDC-42A3-9474-1A3956D46DE8}") = "API", "API", "{DB181B1F-884C-42C9-AE1A-983EFA74F5A9}"
EndProject
Project("{FAE04EC0-301F-11D3-BF4B-00C04F79EFBC}") = "COMB.SpaParking.API", "API\COMB.SpaParking.API\COMB.SpaParking.API.csproj", "{ECEA1489-7B8C-415C-92B9-6700D090FD32}"
EndProject
Project("{FAE04EC0-301F-11D3-BF4B-00C04F79EFBC}") = "COMB.SpaParking.Application", "API\COMB.SpaParking.Application\COMB.SpaParking.Application.csproj", "{59308C0E-E60A-4F37-918A-B99E9098245A}"
EndProject
Project("{FAE04EC0-301F-11D3-BF4B-00C04F79EFBC}") = "COMB.SpaParking.Domain", "API\COMB.SpaParking.Domain\COMB.SpaParking.Domain.csproj", "{47B74500-05DE-4F9D-94D8-4931C6962CEE}"
EndProject
Project("{FAE04EC0-301F-11D3-BF4B-00C04F79EFBC}") = "COMB.SpaParking.Persistence", "API\COMB.SpaParking.Persistence\COMB.SpaParking.Persistence.csproj", "{513341D7-744F-41BD-A116-29D28F674EBF}"
EndProject
Project("{FAE04EC0-301F-11D3-BF4B-00C04F79EFBC}") = "COMB.SpaParking.Infrastructure", "API\COMB.SpaParking.Infrastructure\COMB.SpaParking.Infrastructure.csproj", "{6415BD29-F205-4919-A1E1-9F3401CF94C8}"
EndProject
Project("{FAE04EC0-301F-11D3-BF4B-00C04F79EFBC}") = "COMB.SpaParking.Base", "API\COMB.SpaParking.Base\COMB.SpaParking.Base.csproj", "{CCCD7E16-35C3-440C-9D84-FF298982F189}"
EndProject
Project("{FAE04EC0-301F-11D3-BF4B-00C04F79EFBC}") = "COMB.SpaParking.Specification", "API\COMB.SpaParking.Specification\COMB.SpaParking.Specification.csproj", "{8BF3EDD8-CF10-4C12-B3D6-29BCD573A0F2}"
EndProject
Project("{2150E333-8FDC-42A3-9474-1A3956D46DE8}") = "SolutionFiles", "SolutionFiles", "{2DA9A5DC-8179-4D49-A9BC-3BE73BA7600F}"
EndProject
Project("{FAE04EC0-301F-11D3-BF4B-00C04F79EFBC}") = "COMB.SpaParking.MVC", "UI\COMB.SpaParking.MVC\COMB.SpaParking.MVC.csproj", "{D2E3A365-586F-4629-B549-EE58B30DD130}"
EndProject
Global
	GlobalSection(SolutionConfigurationPlatforms) = preSolution
		Debug|Any CPU = Debug|Any CPU
		Release|Any CPU = Release|Any CPU
	EndGlobalSection
	GlobalSection(ProjectConfigurationPlatforms) = postSolution
		{7E422DB5-7BD7-4C3B-9AA4-D5F94EC945B9}.Debug|Any CPU.ActiveCfg = Debug|Any CPU
		{7E422DB5-7BD7-4C3B-9AA4-D5F94EC945B9}.Debug|Any CPU.Build.0 = Debug|Any CPU
		{7E422DB5-7BD7-4C3B-9AA4-D5F94EC945B9}.Release|Any CPU.ActiveCfg = Release|Any CPU
		{7E422DB5-7BD7-4C3B-9AA4-D5F94EC945B9}.Release|Any CPU.Build.0 = Release|Any CPU
		{D94346C0-F50B-492A-963C-3218895BB6FE}.Debug|Any CPU.ActiveCfg = Debug|Any CPU
		{D94346C0-F50B-492A-963C-3218895BB6FE}.Debug|Any CPU.Build.0 = Debug|Any CPU
		{D94346C0-F50B-492A-963C-3218895BB6FE}.Debug|Any CPU.Deploy.0 = Debug|Any CPU
		{D94346C0-F50B-492A-963C-3218895BB6FE}.Release|Any CPU.ActiveCfg = Release|Any CPU
		{D94346C0-F50B-492A-963C-3218895BB6FE}.Release|Any CPU.Build.0 = Release|Any CPU
		{D94346C0-F50B-492A-963C-3218895BB6FE}.Release|Any CPU.Deploy.0 = Release|Any CPU
		{ECEA1489-7B8C-415C-92B9-6700D090FD32}.Debug|Any CPU.ActiveCfg = Debug|Any CPU
		{ECEA1489-7B8C-415C-92B9-6700D090FD32}.Debug|Any CPU.Build.0 = Debug|Any CPU
		{ECEA1489-7B8C-415C-92B9-6700D090FD32}.Release|Any CPU.ActiveCfg = Release|Any CPU
		{ECEA1489-7B8C-415C-92B9-6700D090FD32}.Release|Any CPU.Build.0 = Release|Any CPU
		{59308C0E-E60A-4F37-918A-B99E9098245A}.Debug|Any CPU.ActiveCfg = Debug|Any CPU
		{59308C0E-E60A-4F37-918A-B99E9098245A}.Debug|Any CPU.Build.0 = Debug|Any CPU
		{59308C0E-E60A-4F37-918A-B99E9098245A}.Release|Any CPU.ActiveCfg = Release|Any CPU
		{59308C0E-E60A-4F37-918A-B99E9098245A}.Release|Any CPU.Build.0 = Release|Any CPU
		{47B74500-05DE-4F9D-94D8-4931C6962CEE}.Debug|Any CPU.ActiveCfg = Debug|Any CPU
		{47B74500-05DE-4F9D-94D8-4931C6962CEE}.Debug|Any CPU.Build.0 = Debug|Any CPU
		{47B74500-05DE-4F9D-94D8-4931C6962CEE}.Release|Any CPU.ActiveCfg = Release|Any CPU
		{47B74500-05DE-4F9D-94D8-4931C6962CEE}.Release|Any CPU.Build.0 = Release|Any CPU
		{513341D7-744F-41BD-A116-29D28F674EBF}.Debug|Any CPU.ActiveCfg = Debug|Any CPU
		{513341D7-744F-41BD-A116-29D28F674EBF}.Debug|Any CPU.Build.0 = Debug|Any CPU
		{513341D7-744F-41BD-A116-29D28F674EBF}.Release|Any CPU.ActiveCfg = Release|Any CPU
		{513341D7-744F-41BD-A116-29D28F674EBF}.Release|Any CPU.Build.0 = Release|Any CPU
		{6415BD29-F205-4919-A1E1-9F3401CF94C8}.Debug|Any CPU.ActiveCfg = Debug|Any CPU
		{6415BD29-F205-4919-A1E1-9F3401CF94C8}.Debug|Any CPU.Build.0 = Debug|Any CPU
		{6415BD29-F205-4919-A1E1-9F3401CF94C8}.Release|Any CPU.ActiveCfg = Release|Any CPU
		{6415BD29-F205-4919-A1E1-9F3401CF94C8}.Release|Any CPU.Build.0 = Release|Any CPU
		{CCCD7E16-35C3-440C-9D84-FF298982F189}.Debug|Any CPU.ActiveCfg = Debug|Any CPU
		{CCCD7E16-35C3-440C-9D84-FF298982F189}.Debug|Any CPU.Build.0 = Debug|Any CPU
		{CCCD7E16-35C3-440C-9D84-FF298982F189}.Release|Any CPU.ActiveCfg = Release|Any CPU
		{CCCD7E16-35C3-440C-9D84-FF298982F189}.Release|Any CPU.Build.0 = Release|Any CPU
		{8BF3EDD8-CF10-4C12-B3D6-29BCD573A0F2}.Debug|Any CPU.ActiveCfg = Debug|Any CPU
		{8BF3EDD8-CF10-4C12-B3D6-29BCD573A0F2}.Debug|Any CPU.Build.0 = Debug|Any CPU
		{8BF3EDD8-CF10-4C12-B3D6-29BCD573A0F2}.Release|Any CPU.ActiveCfg = Release|Any CPU
		{8BF3EDD8-CF10-4C12-B3D6-29BCD573A0F2}.Release|Any CPU.Build.0 = Release|Any CPU
		{D2E3A365-586F-4629-B549-EE58B30DD130}.Debug|Any CPU.ActiveCfg = Debug|Any CPU
		{D2E3A365-586F-4629-B549-EE58B30DD130}.Debug|Any CPU.Build.0 = Debug|Any CPU
		{D2E3A365-586F-4629-B549-EE58B30DD130}.Release|Any CPU.ActiveCfg = Release|Any CPU
		{D2E3A365-586F-4629-B549-EE58B30DD130}.Release|Any CPU.Build.0 = Release|Any CPU
	EndGlobalSection
	GlobalSection(SolutionProperties) = preSolution
		HideSolutionNode = FALSE
	EndGlobalSection
	GlobalSection(NestedProjects) = preSolution
		{7E422DB5-7BD7-4C3B-9AA4-D5F94EC945B9} = {1AD84738-44AE-45C6-B1DB-414790834D92}
		{D94346C0-F50B-492A-963C-3218895BB6FE} = {1AD84738-44AE-45C6-B1DB-414790834D92}
		{ECEA1489-7B8C-415C-92B9-6700D090FD32} = {DB181B1F-884C-42C9-AE1A-983EFA74F5A9}
		{59308C0E-E60A-4F37-918A-B99E9098245A} = {DB181B1F-884C-42C9-AE1A-983EFA74F5A9}
		{47B74500-05DE-4F9D-94D8-4931C6962CEE} = {DB181B1F-884C-42C9-AE1A-983EFA74F5A9}
		{513341D7-744F-41BD-A116-29D28F674EBF} = {DB181B1F-884C-42C9-AE1A-983EFA74F5A9}
		{6415BD29-F205-4919-A1E1-9F3401CF94C8} = {DB181B1F-884C-42C9-AE1A-983EFA74F5A9}
		{CCCD7E16-35C3-440C-9D84-FF298982F189} = {DB181B1F-884C-42C9-AE1A-983EFA74F5A9}
		{8BF3EDD8-CF10-4C12-B3D6-29BCD573A0F2} = {DB181B1F-884C-42C9-AE1A-983EFA74F5A9}
		{D2E3A365-586F-4629-B549-EE58B30DD130} = {1AD84738-44AE-45C6-B1DB-414790834D92}
	EndGlobalSection
EndGlobal
